
Microsoft Visual Studio Solution File, Format Version 12.00
# Visual Studio Version 17
VisualStudioVersion = 17.3.32929.385
MinimumVisualStudioVersion = 10.0.40219.1
Project("{FAE04EC0-301F-11D3-BF4B-00C04F79EFBC}") = "For Dina", "For Dina\For Dina.csproj", "{2A20C32F-3ED7-4648-8DC7-DF1518EB8476}"
EndProject
Global
	GlobalSection(SolutionConfigurationPlatforms) = preSolution
		Debug|Any CPU = Debug|Any CPU
		Release|Any CPU = Release|Any CPU
	EndGlobalSection
	GlobalSection(ProjectConfigurationPlatforms) = postSolution
		{2A20C32F-3ED7-4648-8DC7-DF1518EB8476}.Debug|Any CPU.ActiveCfg = Debug|Any CPU
		{2A20C32F-3ED7-4648-8DC7-DF1518EB8476}.Debug|Any CPU.Build.0 = Debug|Any CPU
		{2A20C32F-3ED7-4648-8DC7-DF1518EB8476}.Release|Any CPU.ActiveCfg = Release|Any CPU
		{2A20C32F-3ED7-4648-8DC7-DF1518EB8476}.Release|Any CPU.Build.0 = Release|Any CPU
	EndGlobalSection
	GlobalSection(SolutionProperties) = preSolution
		HideSolutionNode = FALSE
	EndGlobalSection
	GlobalSection(ExtensibilityGlobals) = postSolution
		SolutionGuid = {5411AC9E-82E0-4392-9F2E-6F8442BD8132}
	EndGlobalSection
EndGlobal
